
Microsoft Visual Studio Solution File, Format Version 12.00
# Visual Studio 15
VisualStudioVersion = 15.0.28307.102
MinimumVisualStudioVersion = 10.0.40219.1
Project("{9A19103F-16F7-4668-BE54-9A1E7A4F7556}") = "mwp.WebApi", "mwp.WebApi\mwp.WebApi.csproj", "{7C18CFBB-EC43-4AC7-93A2-E1758C49FE8D}"
EndProject
Project("{FAE04EC0-301F-11D3-BF4B-00C04F79EFBC}") = "mwp.DataAccess", "mwp.DataAccess\mwp.DataAccess.csproj", "{FE908BD0-63A8-40E4-A705-4EA4A4610DCE}"
EndProject
Project("{FAE04EC0-301F-11D3-BF4B-00C04F79EFBC}") = "mwp.Service", "mwp.Service\mwp.Service.csproj", "{C978DDB8-30CF-4F41-9B62-B47ED5DE11D8}"
EndProject
Global
	GlobalSection(SolutionConfigurationPlatforms) = preSolution
		Debug|Any CPU = Debug|Any CPU
		Release|Any CPU = Release|Any CPU
	EndGlobalSection
	GlobalSection(ProjectConfigurationPlatforms) = postSolution
		{7C18CFBB-EC43-4AC7-93A2-E1758C49FE8D}.Debug|Any CPU.ActiveCfg = Debug|Any CPU
		{7C18CFBB-EC43-4AC7-93A2-E1758C49FE8D}.Debug|Any CPU.Build.0 = Debug|Any CPU
		{7C18CFBB-EC43-4AC7-93A2-E1758C49FE8D}.Release|Any CPU.ActiveCfg = Release|Any CPU
		{7C18CFBB-EC43-4AC7-93A2-E1758C49FE8D}.Release|Any CPU.Build.0 = Release|Any CPU
		{FE908BD0-63A8-40E4-A705-4EA4A4610DCE}.Debug|Any CPU.ActiveCfg = Debug|Any CPU
		{FE908BD0-63A8-40E4-A705-4EA4A4610DCE}.Debug|Any CPU.Build.0 = Debug|Any CPU
		{FE908BD0-63A8-40E4-A705-4EA4A4610DCE}.Release|Any CPU.ActiveCfg = Release|Any CPU
		{FE908BD0-63A8-40E4-A705-4EA4A4610DCE}.Release|Any CPU.Build.0 = Release|Any CPU
		{C978DDB8-30CF-4F41-9B62-B47ED5DE11D8}.Debug|Any CPU.ActiveCfg = Debug|Any CPU
		{C978DDB8-30CF-4F41-9B62-B47ED5DE11D8}.Debug|Any CPU.Build.0 = Debug|Any CPU
		{C978DDB8-30CF-4F41-9B62-B47ED5DE11D8}.Release|Any CPU.ActiveCfg = Release|Any CPU
		{C978DDB8-30CF-4F41-9B62-B47ED5DE11D8}.Release|Any CPU.Build.0 = Release|Any CPU
	EndGlobalSection
	GlobalSection(SolutionProperties) = preSolution
		HideSolutionNode = FALSE
	EndGlobalSection
	GlobalSection(ExtensibilityGlobals) = postSolution
		SolutionGuid = {08D45FF8-301B-4A2A-9B00-68253F0E1ACE}
	EndGlobalSection
EndGlobal
